// !$*UTF8*$!
{
	archiveVersion = 1;
	classes = {
	};
	objectVersion = 50;
	objects = {

/* Begin PBXBuildFile section */
		59F9D6F1BFC50C3CF5E4DAE1 /* Pods_Sklad_App.framework in Frameworks */ = {isa = PBXBuildFile; fileRef = E90AF5E493CACDF9764A6CD7 /* Pods_Sklad_App.framework */; };
		6A0F1F342258E4AB00416FD4 /* Alamofire.framework in Frameworks */ = {isa = PBXBuildFile; fileRef = 6A0F1F332258E4AB00416FD4 /* Alamofire.framework */; };
		6A0F1F362258E4AB00416FD4 /* SwiftyJSON.framework in Frameworks */ = {isa = PBXBuildFile; fileRef = 6A0F1F352258E4AB00416FD4 /* SwiftyJSON.framework */; };
		6A0FA8B622631ABE004DF4D5 /* SWRevealViewController.m in Sources */ = {isa = PBXBuildFile; fileRef = 6A0FA8B422631ABE004DF4D5 /* SWRevealViewController.m */; };
		6A0FA8B82263555A004DF4D5 /* MenuController.swift in Sources */ = {isa = PBXBuildFile; fileRef = 6A0FA8B72263555A004DF4D5 /* MenuController.swift */; };
		6A0FA8BA22636B89004DF4D5 /* MenuCell.swift in Sources */ = {isa = PBXBuildFile; fileRef = 6A0FA8B922636B89004DF4D5 /* MenuCell.swift */; };
		6A0FA8BD22639549004DF4D5 /* ExpenditureViewController.swift in Sources */ = {isa = PBXBuildFile; fileRef = 6A0FA8BC22639549004DF4D5 /* ExpenditureViewController.swift */; };
		6A0FA8BF22639B00004DF4D5 /* IncomeViewController.swift in Sources */ = {isa = PBXBuildFile; fileRef = 6A0FA8BE22639B00004DF4D5 /* IncomeViewController.swift */; };
		6A0FA8C122639C7B004DF4D5 /* ReturnViewController.swift in Sources */ = {isa = PBXBuildFile; fileRef = 6A0FA8C022639C7B004DF4D5 /* ReturnViewController.swift */; };
		6A0FA8C322639CE9004DF4D5 /* DefectiveViewController.swift in Sources */ = {isa = PBXBuildFile; fileRef = 6A0FA8C222639CE9004DF4D5 /* DefectiveViewController.swift */; };
		6A0FA8C522639D08004DF4D5 /* ClientsViewController.swift in Sources */ = {isa = PBXBuildFile; fileRef = 6A0FA8C422639D08004DF4D5 /* ClientsViewController.swift */; };
		6A0FA8C722639D12004DF4D5 /* ProductsViewController.swift in Sources */ = {isa = PBXBuildFile; fileRef = 6A0FA8C622639D12004DF4D5 /* ProductsViewController.swift */; };
		6A0FA8CA2263B7E8004DF4D5 /* BaseMenuController.swift in Sources */ = {isa = PBXBuildFile; fileRef = 6A0FA8C92263B7E8004DF4D5 /* BaseMenuController.swift */; };
		6A19FC1F22523EA700665B71 /* AppDelegate.swift in Sources */ = {isa = PBXBuildFile; fileRef = 6A19FC1E22523EA700665B71 /* AppDelegate.swift */; };
		6A19FC2422523EA700665B71 /* Main.storyboard in Resources */ = {isa = PBXBuildFile; fileRef = 6A19FC2222523EA700665B71 /* Main.storyboard */; };
		6A19FC2622523EA800665B71 /* Assets.xcassets in Resources */ = {isa = PBXBuildFile; fileRef = 6A19FC2522523EA800665B71 /* Assets.xcassets */; };
		6A19FC2922523EA800665B71 /* LaunchScreen.storyboard in Resources */ = {isa = PBXBuildFile; fileRef = 6A19FC2722523EA800665B71 /* LaunchScreen.storyboard */; };
		6A19FC3422523EF000665B71 /* LoginViewController.swift in Sources */ = {isa = PBXBuildFile; fileRef = 6A19FC3322523EF000665B71 /* LoginViewController.swift */; };
		6A379277225F597E007F4B90 /* CustomButton.swift in Sources */ = {isa = PBXBuildFile; fileRef = 6A379276225F597D007F4B90 /* CustomButton.swift */; };
		6A3792792260B00D007F4B90 /* TableViewCell.swift in Sources */ = {isa = PBXBuildFile; fileRef = 6A3792782260B00D007F4B90 /* TableViewCell.swift */; };
		6A37927B2260B35F007F4B90 /* Product.swift in Sources */ = {isa = PBXBuildFile; fileRef = 6A37927A2260B35F007F4B90 /* Product.swift */; };
		6AE2702B22532F72002A1588 /* HomeViewController.swift in Sources */ = {isa = PBXBuildFile; fileRef = 6AE2702A22532F72002A1588 /* HomeViewController.swift */; };
/* End PBXBuildFile section */

/* Begin PBXFileReference section */
		6A0F1F332258E4AB00416FD4 /* Alamofire.framework */ = {isa = PBXFileReference; explicitFileType = wrapper.framework; path = Alamofire.framework; sourceTree = BUILT_PRODUCTS_DIR; };
		6A0F1F352258E4AB00416FD4 /* SwiftyJSON.framework */ = {isa = PBXFileReference; explicitFileType = wrapper.framework; path = SwiftyJSON.framework; sourceTree = BUILT_PRODUCTS_DIR; };
		6A0FA8B322631ABD004DF4D5 /* Sklad App-Bridging-Header.h */ = {isa = PBXFileReference; lastKnownFileType = sourcecode.c.h; path = "Sklad App-Bridging-Header.h"; sourceTree = "<group>"; };
		6A0FA8B422631ABE004DF4D5 /* SWRevealViewController.m */ = {isa = PBXFileReference; fileEncoding = 4; lastKnownFileType = sourcecode.c.objc; path = SWRevealViewController.m; sourceTree = "<group>"; };
		6A0FA8B522631ABE004DF4D5 /* SWRevealViewController.h */ = {isa = PBXFileReference; fileEncoding = 4; lastKnownFileType = sourcecode.c.h; path = SWRevealViewController.h; sourceTree = "<group>"; };
		6A0FA8B72263555A004DF4D5 /* MenuController.swift */ = {isa = PBXFileReference; lastKnownFileType = sourcecode.swift; path = MenuController.swift; sourceTree = "<group>"; };
		6A0FA8B922636B89004DF4D5 /* MenuCell.swift */ = {isa = PBXFileReference; lastKnownFileType = sourcecode.swift; path = MenuCell.swift; sourceTree = "<group>"; };
		6A0FA8BC22639549004DF4D5 /* ExpenditureViewController.swift */ = {isa = PBXFileReference; lastKnownFileType = sourcecode.swift; path = ExpenditureViewController.swift; sourceTree = "<group>"; };
		6A0FA8BE22639B00004DF4D5 /* IncomeViewController.swift */ = {isa = PBXFileReference; lastKnownFileType = sourcecode.swift; path = IncomeViewController.swift; sourceTree = "<group>"; };
		6A0FA8C022639C7B004DF4D5 /* ReturnViewController.swift */ = {isa = PBXFileReference; lastKnownFileType = sourcecode.swift; path = ReturnViewController.swift; sourceTree = "<group>"; };
		6A0FA8C222639CE9004DF4D5 /* DefectiveViewController.swift */ = {isa = PBXFileReference; lastKnownFileType = sourcecode.swift; path = DefectiveViewController.swift; sourceTree = "<group>"; };
		6A0FA8C422639D08004DF4D5 /* ClientsViewController.swift */ = {isa = PBXFileReference; lastKnownFileType = sourcecode.swift; path = ClientsViewController.swift; sourceTree = "<group>"; };
		6A0FA8C622639D12004DF4D5 /* ProductsViewController.swift */ = {isa = PBXFileReference; lastKnownFileType = sourcecode.swift; path = ProductsViewController.swift; sourceTree = "<group>"; };
		6A0FA8C92263B7E8004DF4D5 /* BaseMenuController.swift */ = {isa = PBXFileReference; lastKnownFileType = sourcecode.swift; path = BaseMenuController.swift; sourceTree = "<group>"; };
		6A19FC1B22523EA700665B71 /* Sklad App.app */ = {isa = PBXFileReference; explicitFileType = wrapper.application; includeInIndex = 0; path = "Sklad App.app"; sourceTree = BUILT_PRODUCTS_DIR; };
		6A19FC1E22523EA700665B71 /* AppDelegate.swift */ = {isa = PBXFileReference; lastKnownFileType = sourcecode.swift; path = AppDelegate.swift; sourceTree = "<group>"; };
		6A19FC2322523EA700665B71 /* Base */ = {isa = PBXFileReference; lastKnownFileType = file.storyboard; name = Base; path = Base.lproj/Main.storyboard; sourceTree = "<group>"; };
		6A19FC2522523EA800665B71 /* Assets.xcassets */ = {isa = PBXFileReference; lastKnownFileType = folder.assetcatalog; path = Assets.xcassets; sourceTree = "<group>"; };
		6A19FC2822523EA800665B71 /* Base */ = {isa = PBXFileReference; lastKnownFileType = file.storyboard; name = Base; path = Base.lproj/LaunchScreen.storyboard; sourceTree = "<group>"; };
		6A19FC2A22523EA800665B71 /* Info.plist */ = {isa = PBXFileReference; lastKnownFileType = text.plist.xml; path = Info.plist; sourceTree = "<group>"; };
		6A19FC3322523EF000665B71 /* LoginViewController.swift */ = {isa = PBXFileReference; lastKnownFileType = sourcecode.swift; path = LoginViewController.swift; sourceTree = "<group>"; };
		6A379276225F597D007F4B90 /* CustomButton.swift */ = {isa = PBXFileReference; lastKnownFileType = sourcecode.swift; path = CustomButton.swift; sourceTree = "<group>"; };
		6A3792782260B00D007F4B90 /* TableViewCell.swift */ = {isa = PBXFileReference; lastKnownFileType = sourcecode.swift; path = TableViewCell.swift; sourceTree = "<group>"; };
		6A37927A2260B35F007F4B90 /* Product.swift */ = {isa = PBXFileReference; lastKnownFileType = sourcecode.swift; path = Product.swift; sourceTree = "<group>"; };
		6AE2702A22532F72002A1588 /* HomeViewController.swift */ = {isa = PBXFileReference; lastKnownFileType = sourcecode.swift; path = HomeViewController.swift; sourceTree = "<group>"; };
		7E20F8B04B2D7F9640621525 /* Pods-Sklad App.debug.xcconfig */ = {isa = PBXFileReference; includeInIndex = 1; lastKnownFileType = text.xcconfig; name = "Pods-Sklad App.debug.xcconfig"; path = "Target Support Files/Pods-Sklad App/Pods-Sklad App.debug.xcconfig"; sourceTree = "<group>"; };
		C016244679BDB07A66136964 /* Pods-Sklad App.release.xcconfig */ = {isa = PBXFileReference; includeInIndex = 1; lastKnownFileType = text.xcconfig; name = "Pods-Sklad App.release.xcconfig"; path = "Target Support Files/Pods-Sklad App/Pods-Sklad App.release.xcconfig"; sourceTree = "<group>"; };
		E90AF5E493CACDF9764A6CD7 /* Pods_Sklad_App.framework */ = {isa = PBXFileReference; explicitFileType = wrapper.framework; includeInIndex = 0; path = Pods_Sklad_App.framework; sourceTree = BUILT_PRODUCTS_DIR; };
/* End PBXFileReference section */

/* Begin PBXFrameworksBuildPhase section */
		6A19FC1822523EA700665B71 /* Frameworks */ = {
			isa = PBXFrameworksBuildPhase;
			buildActionMask = 2147483647;
			files = (
				6A0F1F342258E4AB00416FD4 /* Alamofire.framework in Frameworks */,
				6A0F1F362258E4AB00416FD4 /* SwiftyJSON.framework in Frameworks */,
				59F9D6F1BFC50C3CF5E4DAE1 /* Pods_Sklad_App.framework in Frameworks */,
			);
			runOnlyForDeploymentPostprocessing = 0;
		};
/* End PBXFrameworksBuildPhase section */

/* Begin PBXGroup section */
		6A0FA8BB2263758C004DF4D5 /* Library */ = {
			isa = PBXGroup;
			children = (
				6A0FA8B422631ABE004DF4D5 /* SWRevealViewController.m */,
				6A0FA8B522631ABE004DF4D5 /* SWRevealViewController.h */,
			);
			path = Library;
			sourceTree = "<group>";
		};
		6A0FA8C82263A22C004DF4D5 /* Settings */ = {
			isa = PBXGroup;
			children = (
				6A19FC1E22523EA700665B71 /* AppDelegate.swift */,
				6A19FC2722523EA800665B71 /* LaunchScreen.storyboard */,
			);
			path = Settings;
			sourceTree = "<group>";
		};
		6A19FC1222523EA700665B71 = {
			isa = PBXGroup;
			children = (
				6A19FC1D22523EA700665B71 /* Sklad App */,
				6A19FC1C22523EA700665B71 /* Products */,
				789B293EDDF140C0C3188DB1 /* Pods */,
				BFF25A1EBE1FBA621D9668B5 /* Frameworks */,
			);
			sourceTree = "<group>";
		};
		6A19FC1C22523EA700665B71 /* Products */ = {
			isa = PBXGroup;
			children = (
				6A19FC1B22523EA700665B71 /* Sklad App.app */,
			);
			name = Products;
			sourceTree = "<group>";
		};
		6A19FC1D22523EA700665B71 /* Sklad App */ = {
			isa = PBXGroup;
			children = (
				6A0FA8C82263A22C004DF4D5 /* Settings */,
				6A0FA8BB2263758C004DF4D5 /* Library */,
				6AE2702722525C4D002A1588 /* Custom */,
				6A19FC3022523EBB00665B71 /* View Controller */,
				6A19FC2222523EA700665B71 /* Main.storyboard */,
				6A19FC2522523EA800665B71 /* Assets.xcassets */,
				6A19FC2A22523EA800665B71 /* Info.plist */,
				6A0FA8B322631ABD004DF4D5 /* Sklad App-Bridging-Header.h */,
			);
			path = "Sklad App";
			sourceTree = "<group>";
		};
		6A19FC3022523EBB00665B71 /* View Controller */ = {
			isa = PBXGroup;
			children = (
				6A19FC3322523EF000665B71 /* LoginViewController.swift */,
				6A0FA8C92263B7E8004DF4D5 /* BaseMenuController.swift */,
				6A0FA8B72263555A004DF4D5 /* MenuController.swift */,
				6AE2702A22532F72002A1588 /* HomeViewController.swift */,
				6A0FA8BC22639549004DF4D5 /* ExpenditureViewController.swift */,
				6A0FA8BE22639B00004DF4D5 /* IncomeViewController.swift */,
				6A0FA8C022639C7B004DF4D5 /* ReturnViewController.swift */,
				6A0FA8C222639CE9004DF4D5 /* DefectiveViewController.swift */,
				6A0FA8C422639D08004DF4D5 /* ClientsViewController.swift */,
				6A0FA8C622639D12004DF4D5 /* ProductsViewController.swift */,
			);
			path = "View Controller";
			sourceTree = "<group>";
		};
		6AE2702722525C4D002A1588 /* Custom */ = {
			isa = PBXGroup;
			children = (
				6A379276225F597D007F4B90 /* CustomButton.swift */,
				6A3792782260B00D007F4B90 /* TableViewCell.swift */,
				6A37927A2260B35F007F4B90 /* Product.swift */,
				6A0FA8B922636B89004DF4D5 /* MenuCell.swift */,
			);
			path = Custom;
			sourceTree = "<group>";
		};
		789B293EDDF140C0C3188DB1 /* Pods */ = {
			isa = PBXGroup;
			children = (
				7E20F8B04B2D7F9640621525 /* Pods-Sklad App.debug.xcconfig */,
				C016244679BDB07A66136964 /* Pods-Sklad App.release.xcconfig */,
			);
			path = Pods;
			sourceTree = "<group>";
		};
		BFF25A1EBE1FBA621D9668B5 /* Frameworks */ = {
			isa = PBXGroup;
			children = (
				6A0F1F332258E4AB00416FD4 /* Alamofire.framework */,
				6A0F1F352258E4AB00416FD4 /* SwiftyJSON.framework */,
				E90AF5E493CACDF9764A6CD7 /* Pods_Sklad_App.framework */,
			);
			name = Frameworks;
			sourceTree = "<group>";
		};
/* End PBXGroup section */

/* Begin PBXNativeTarget section */
		6A19FC1A22523EA700665B71 /* Sklad App */ = {
			isa = PBXNativeTarget;
			buildConfigurationList = 6A19FC2D22523EA800665B71 /* Build configuration list for PBXNativeTarget "Sklad App" */;
			buildPhases = (
				AA5886C03F3458F9A9136ED2 /* [CP] Check Pods Manifest.lock */,
				6A19FC1722523EA700665B71 /* Sources */,
				6A19FC1822523EA700665B71 /* Frameworks */,
				6A19FC1922523EA700665B71 /* Resources */,
				46C8AC7AD789F55CCBB52423 /* [CP] Embed Pods Frameworks */,
			);
			buildRules = (
			);
			dependencies = (
			);
			name = "Sklad App";
			productName = "Sklad App";
			productReference = 6A19FC1B22523EA700665B71 /* Sklad App.app */;
			productType = "com.apple.product-type.application";
		};
/* End PBXNativeTarget section */

/* Begin PBXProject section */
		6A19FC1322523EA700665B71 /* Project object */ = {
			isa = PBXProject;
			attributes = {
				LastSwiftUpdateCheck = 1010;
				LastUpgradeCheck = 1010;
				ORGANIZATIONNAME = "Ibrokhim Movlonov";
				TargetAttributes = {
					6A19FC1A22523EA700665B71 = {
						CreatedOnToolsVersion = 10.1;
						LastSwiftMigration = 1010;
					};
				};
			};
			buildConfigurationList = 6A19FC1622523EA700665B71 /* Build configuration list for PBXProject "Sklad App" */;
			compatibilityVersion = "Xcode 9.3";
			developmentRegion = en;
			hasScannedForEncodings = 0;
			knownRegions = (
				en,
				Base,
			);
			mainGroup = 6A19FC1222523EA700665B71;
			productRefGroup = 6A19FC1C22523EA700665B71 /* Products */;
			projectDirPath = "";
			projectRoot = "";
			targets = (
				6A19FC1A22523EA700665B71 /* Sklad App */,
			);
		};
/* End PBXProject section */

/* Begin PBXResourcesBuildPhase section */
		6A19FC1922523EA700665B71 /* Resources */ = {
			isa = PBXResourcesBuildPhase;
			buildActionMask = 2147483647;
			files = (
				6A19FC2922523EA800665B71 /* LaunchScreen.storyboard in Resources */,
				6A19FC2622523EA800665B71 /* Assets.xcassets in Resources */,
				6A19FC2422523EA700665B71 /* Main.storyboard in Resources */,
			);
			runOnlyForDeploymentPostprocessing = 0;
		};
/* End PBXResourcesBuildPhase section */

/* Begin PBXShellScriptBuildPhase section */
		46C8AC7AD789F55CCBB52423 /* [CP] Embed Pods Frameworks */ = {
			isa = PBXShellScriptBuildPhase;
			buildActionMask = 2147483647;
			files = (
			);
			inputFileListPaths = (
			);
			inputPaths = (
				"${PODS_ROOT}/Target Support Files/Pods-Sklad App/Pods-Sklad App-frameworks.sh",
				"${BUILT_PRODUCTS_DIR}/Alamofire/Alamofire.framework",
				"${BUILT_PRODUCTS_DIR}/SwiftyJSON/SwiftyJSON.framework",
			);
			name = "[CP] Embed Pods Frameworks";
			outputFileListPaths = (
			);
			outputPaths = (
				"${TARGET_BUILD_DIR}/${FRAMEWORKS_FOLDER_PATH}/Alamofire.framework",
				"${TARGET_BUILD_DIR}/${FRAMEWORKS_FOLDER_PATH}/SwiftyJSON.framework",
			);
			runOnlyForDeploymentPostprocessing = 0;
			shellPath = /bin/sh;
			shellScript = "\"${PODS_ROOT}/Target Support Files/Pods-Sklad App/Pods-Sklad App-frameworks.sh\"\n";
			showEnvVarsInLog = 0;
		};
		AA5886C03F3458F9A9136ED2 /* [CP] Check Pods Manifest.lock */ = {
			isa = PBXShellScriptBuildPhase;
			buildActionMask = 2147483647;
			files = (
			);
			inputFileListPaths = (
			);
			inputPaths = (
				"${PODS_PODFILE_DIR_PATH}/Podfile.lock",
				"${PODS_ROOT}/Manifest.lock",
			);
			name = "[CP] Check Pods Manifest.lock";
			outputFileListPaths = (
			);
			outputPaths = (
				"$(DERIVED_FILE_DIR)/Pods-Sklad App-checkManifestLockResult.txt",
			);
			runOnlyForDeploymentPostprocessing = 0;
			shellPath = /bin/sh;
			shellScript = "diff \"${PODS_PODFILE_DIR_PATH}/Podfile.lock\" \"${PODS_ROOT}/Manifest.lock\" > /dev/null\nif [ $? != 0 ] ; then\n    # print error to STDERR\n    echo \"error: The sandbox is not in sync with the Podfile.lock. Run 'pod install' or update your CocoaPods installation.\" >&2\n    exit 1\nfi\n# This output is used by Xcode 'outputs' to avoid re-running this script phase.\necho \"SUCCESS\" > \"${SCRIPT_OUTPUT_FILE_0}\"\n";
			showEnvVarsInLog = 0;
		};
/* End PBXShellScriptBuildPhase section */

/* Begin PBXSourcesBuildPhase section */
		6A19FC1722523EA700665B71 /* Sources */ = {
			isa = PBXSourcesBuildPhase;
			buildActionMask = 2147483647;
			files = (
				6AE2702B22532F72002A1588 /* HomeViewController.swift in Sources */,
				6A0FA8C722639D12004DF4D5 /* ProductsViewController.swift in Sources */,
				6A3792792260B00D007F4B90 /* TableViewCell.swift in Sources */,
				6A0FA8BD22639549004DF4D5 /* ExpenditureViewController.swift in Sources */,
				6A0FA8BA22636B89004DF4D5 /* MenuCell.swift in Sources */,
				6A0FA8C122639C7B004DF4D5 /* ReturnViewController.swift in Sources */,
				6A37927B2260B35F007F4B90 /* Product.swift in Sources */,
				6A0FA8CA2263B7E8004DF4D5 /* BaseMenuController.swift in Sources */,
				6A0FA8BF22639B00004DF4D5 /* IncomeViewController.swift in Sources */,
				6A0FA8C522639D08004DF4D5 /* ClientsViewController.swift in Sources */,
				6A19FC3422523EF000665B71 /* LoginViewController.swift in Sources */,
				6A379277225F597E007F4B90 /* CustomButton.swift in Sources */,
				6A0FA8B82263555A004DF4D5 /* MenuController.swift in Sources */,
				6A0FA8C322639CE9004DF4D5 /* DefectiveViewController.swift in Sources */,
				6A0FA8B622631ABE004DF4D5 /* SWRevealViewController.m in Sources */,
				6A19FC1F22523EA700665B71 /* AppDelegate.swift in Sources */,
			);
			runOnlyForDeploymentPostprocessing = 0;
		};
/* End PBXSourcesBuildPhase section */

/* Begin PBXVariantGroup section */
		6A19FC2222523EA700665B71 /* Main.storyboard */ = {
			isa = PBXVariantGroup;
			children = (
				6A19FC2322523EA700665B71 /* Base */,
			);
			name = Main.storyboard;
			sourceTree = "<group>";
		};
		6A19FC2722523EA800665B71 /* LaunchScreen.storyboard */ = {
			isa = PBXVariantGroup;
			children = (
				6A19FC2822523EA800665B71 /* Base */,
			);
			name = LaunchScreen.storyboard;
			sourceTree = "<group>";
		};
/* End PBXVariantGroup section */

/* Begin XCBuildConfiguration section */
		6A19FC2B22523EA800665B71 /* Debug */ = {
			isa = XCBuildConfiguration;
			buildSettings = {
				ALWAYS_SEARCH_USER_PATHS = NO;
				CLANG_ANALYZER_NONNULL = YES;
				CLANG_ANALYZER_NUMBER_OBJECT_CONVERSION = YES_AGGRESSIVE;
				CLANG_CXX_LANGUAGE_STANDARD = "gnu++14";
				CLANG_CXX_LIBRARY = "libc++";
				CLANG_ENABLE_MODULES = YES;
				CLANG_ENABLE_OBJC_ARC = YES;
				CLANG_ENABLE_OBJC_WEAK = YES;
				CLANG_WARN_BLOCK_CAPTURE_AUTORELEASING = YES;
				CLANG_WARN_BOOL_CONVERSION = YES;
				CLANG_WARN_COMMA = YES;
				CLANG_WARN_CONSTANT_CONVERSION = YES;
				CLANG_WARN_DEPRECATED_OBJC_IMPLEMENTATIONS = YES;
				CLANG_WARN_DIRECT_OBJC_ISA_USAGE = YES_ERROR;
				CLANG_WARN_DOCUMENTATION_COMMENTS = YES;
				CLANG_WARN_EMPTY_BODY = YES;
				CLANG_WARN_ENUM_CONVERSION = YES;
				CLANG_WARN_INFINITE_RECURSION = YES;
				CLANG_WARN_INT_CONVERSION = YES;
				CLANG_WARN_NON_LITERAL_NULL_CONVERSION = YES;
				CLANG_WARN_OBJC_IMPLICIT_RETAIN_SELF = YES;
				CLANG_WARN_OBJC_LITERAL_CONVERSION = YES;
				CLANG_WARN_OBJC_ROOT_CLASS = YES_ERROR;
				CLANG_WARN_RANGE_LOOP_ANALYSIS = YES;
				CLANG_WARN_STRICT_PROTOTYPES = YES;
				CLANG_WARN_SUSPICIOUS_MOVE = YES;
				CLANG_WARN_UNGUARDED_AVAILABILITY = YES_AGGRESSIVE;
				CLANG_WARN_UNREACHABLE_CODE = YES;
				CLANG_WARN__DUPLICATE_METHOD_MATCH = YES;
				CODE_SIGN_IDENTITY = "iPhone Developer";
				COPY_PHASE_STRIP = NO;
				DEBUG_INFORMATION_FORMAT = dwarf;
				ENABLE_STRICT_OBJC_MSGSEND = YES;
				ENABLE_TESTABILITY = YES;
				GCC_C_LANGUAGE_STANDARD = gnu11;
				GCC_DYNAMIC_NO_PIC = NO;
				GCC_NO_COMMON_BLOCKS = YES;
				GCC_OPTIMIZATION_LEVEL = 0;
				GCC_PREPROCESSOR_DEFINITIONS = (
					"DEBUG=1",
					"$(inherited)",
				);
				GCC_WARN_64_TO_32_BIT_CONVERSION = YES;
				GCC_WARN_ABOUT_RETURN_TYPE = YES_ERROR;
				GCC_WARN_UNDECLARED_SELECTOR = YES;
				GCC_WARN_UNINITIALIZED_AUTOS = YES_AGGRESSIVE;
				GCC_WARN_UNUSED_FUNCTION = YES;
				GCC_WARN_UNUSED_VARIABLE = YES;
				IPHONEOS_DEPLOYMENT_TARGET = 12.1;
				MTL_ENABLE_DEBUG_INFO = INCLUDE_SOURCE;
				MTL_FAST_MATH = YES;
				ONLY_ACTIVE_ARCH = YES;
				SDKROOT = iphoneos;
				SWIFT_ACTIVE_COMPILATION_CONDITIONS = DEBUG;
				SWIFT_OPTIMIZATION_LEVEL = "-Onone";
			};
			name = Debug;
		};
		6A19FC2C22523EA800665B71 /* Release */ = {
			isa = XCBuildConfiguration;
			buildSettings = {
				ALWAYS_SEARCH_USER_PATHS = NO;
				CLANG_ANALYZER_NONNULL = YES;
				CLANG_ANALYZER_NUMBER_OBJECT_CONVERSION = YES_AGGRESSIVE;
				CLANG_CXX_LANGUAGE_STANDARD = "gnu++14";
				CLANG_CXX_LIBRARY = "libc++";
				CLANG_ENABLE_MODULES = YES;
				CLANG_ENABLE_OBJC_ARC = YES;
				CLANG_ENABLE_OBJC_WEAK = YES;
				CLANG_WARN_BLOCK_CAPTURE_AUTORELEASING = YES;
				CLANG_WARN_BOOL_CONVERSION = YES;
				CLANG_WARN_COMMA = YES;
				CLANG_WARN_CONSTANT_CONVERSION = YES;
				CLANG_WARN_DEPRECATED_OBJC_IMPLEMENTATIONS = YES;
				CLANG_WARN_DIRECT_OBJC_ISA_USAGE = YES_ERROR;
				CLANG_WARN_DOCUMENTATION_COMMENTS = YES;
				CLANG_WARN_EMPTY_BODY = YES;
				CLANG_WARN_ENUM_CONVERSION = YES;
				CLANG_WARN_INFINITE_RECURSION = YES;
				CLANG_WARN_INT_CONVERSION = YES;
				CLANG_WARN_NON_LITERAL_NULL_CONVERSION = YES;
				CLANG_WARN_OBJC_IMPLICIT_RETAIN_SELF = YES;
				CLANG_WARN_OBJC_LITERAL_CONVERSION = YES;
				CLANG_WARN_OBJC_ROOT_CLASS = YES_ERROR;
				CLANG_WARN_RANGE_LOOP_ANALYSIS = YES;
				CLANG_WARN_STRICT_PROTOTYPES = YES;
				CLANG_WARN_SUSPICIOUS_MOVE = YES;
				CLANG_WARN_UNGUARDED_AVAILABILITY = YES_AGGRESSIVE;
				CLANG_WARN_UNREACHABLE_CODE = YES;
				CLANG_WARN__DUPLICATE_METHOD_MATCH = YES;
				CODE_SIGN_IDENTITY = "iPhone Developer";
				COPY_PHASE_STRIP = NO;
				DEBUG_INFORMATION_FORMAT = "dwarf-with-dsym";
				ENABLE_NS_ASSERTIONS = NO;
				ENABLE_STRICT_OBJC_MSGSEND = YES;
				GCC_C_LANGUAGE_STANDARD = gnu11;
				GCC_NO_COMMON_BLOCKS = YES;
				GCC_WARN_64_TO_32_BIT_CONVERSION = YES;
				GCC_WARN_ABOUT_RETURN_TYPE = YES_ERROR;
				GCC_WARN_UNDECLARED_SELECTOR = YES;
				GCC_WARN_UNINITIALIZED_AUTOS = YES_AGGRESSIVE;
				GCC_WARN_UNUSED_FUNCTION = YES;
				GCC_WARN_UNUSED_VARIABLE = YES;
				IPHONEOS_DEPLOYMENT_TARGET = 12.1;
				MTL_ENABLE_DEBUG_INFO = NO;
				MTL_FAST_MATH = YES;
				SDKROOT = iphoneos;
				SWIFT_COMPILATION_MODE = wholemodule;
				SWIFT_OPTIMIZATION_LEVEL = "-O";
				VALIDATE_PRODUCT = YES;
			};
			name = Release;
		};
		6A19FC2E22523EA800665B71 /* Debug */ = {
			isa = XCBuildConfiguration;
			baseConfigurationReference = 7E20F8B04B2D7F9640621525 /* Pods-Sklad App.debug.xcconfig */;
			buildSettings = {
				ASSETCATALOG_COMPILER_APPICON_NAME = AppIcon;
				CLANG_ENABLE_MODULES = YES;
				CODE_SIGN_STYLE = Automatic;
				DEVELOPMENT_TEAM = "";
				INFOPLIST_FILE = "Sklad App/Info.plist";
				LD_RUNPATH_SEARCH_PATHS = (
					"$(inherited)",
					"@executable_path/Frameworks",
				);
				PRODUCT_BUNDLE_IDENTIFIER = "com.ibrokhimmovlonov.Sklad-App";
				PRODUCT_NAME = "$(TARGET_NAME)";
				SWIFT_OBJC_BRIDGING_HEADER = "Sklad App/Sklad App-Bridging-Header.h";
				SWIFT_OPTIMIZATION_LEVEL = "-Onone";
				SWIFT_VERSION = 4.2;
				TARGETED_DEVICE_FAMILY = 2;
			};
			name = Debug;
		};
		6A19FC2F22523EA800665B71 /* Release */ = {
			isa = XCBuildConfiguration;
			baseConfigurationReference = C016244679BDB07A66136964 /* Pods-Sklad App.release.xcconfig */;
			buildSettings = {
				ASSETCATALOG_COMPILER_APPICON_NAME = AppIcon;
				CLANG_ENABLE_MODULES = YES;
				CODE_SIGN_STYLE = Automatic;
				DEVELOPMENT_TEAM = "";
				INFOPLIST_FILE = "Sklad App/Info.plist";
				LD_RUNPATH_SEARCH_PATHS = (
					"$(inherited)",
					"@executable_path/Frameworks",
				);
				PRODUCT_BUNDLE_IDENTIFIER = "com.ibrokhimmovlonov.Sklad-App";
				PRODUCT_NAME = "$(TARGET_NAME)";
				SWIFT_OBJC_BRIDGING_HEADER = "Sklad App/Sklad App-Bridging-Header.h";
				SWIFT_VERSION = 4.2;
				TARGETED_DEVICE_FAMILY = 2;
			};
			name = Release;
		};
/* End XCBuildConfiguration section */

/* Begin XCConfigurationList section */
		6A19FC1622523EA700665B71 /* Build configuration list for PBXProject "Sklad App" */ = {
			isa = XCConfigurationList;
			buildConfigurations = (
				6A19FC2B22523EA800665B71 /* Debug */,
				6A19FC2C22523EA800665B71 /* Release */,
			);
			defaultConfigurationIsVisible = 0;
			defaultConfigurationName = Release;
		};
		6A19FC2D22523EA800665B71 /* Build configuration list for PBXNativeTarget "Sklad App" */ = {
			isa = XCConfigurationList;
			buildConfigurations = (
				6A19FC2E22523EA800665B71 /* Debug */,
				6A19FC2F22523EA800665B71 /* Release */,
			);
			defaultConfigurationIsVisible = 0;
			defaultConfigurationName = Release;
		};
/* End XCConfigurationList section */
	};
	rootObject = 6A19FC1322523EA700665B71 /* Project object */;
}
